
Microsoft Visual Studio Solution File, Format Version 12.00
# Visual Studio Version 16
VisualStudioVersion = 16.0.31105.61
MinimumVisualStudioVersion = 10.0.40219.1
Project("{FAE04EC0-301F-11D3-BF4B-00C04F79EFBC}") = "ShopApp.Android", "ShopApp\ShopApp.Android\ShopApp.Android.csproj", "{3D5FD180-2D6C-46F0-9130-F3164D5CB654}"
EndProject
Project("{FAE04EC0-301F-11D3-BF4B-00C04F79EFBC}") = "ShopApp.iOS", "ShopApp\ShopApp.iOS\ShopApp.iOS.csproj", "{6113494D-8985-4387-82FB-B21F2A9E66C1}"
EndProject
Project("{FAE04EC0-301F-11D3-BF4B-00C04F79EFBC}") = "ShopApp", "ShopApp\ShopApp\ShopApp.csproj", "{C0E9C8C6-BD58-45B7-9F56-42DCD63D65C8}"
EndProject
Global
	GlobalSection(SolutionConfigurationPlatforms) = preSolution
		Debug|Any CPU = Debug|Any CPU
		Debug|iPhone = Debug|iPhone
		Debug|iPhoneSimulator = Debug|iPhoneSimulator
		Release|Any CPU = Release|Any CPU
		Release|iPhone = Release|iPhone
		Release|iPhoneSimulator = Release|iPhoneSimulator
	EndGlobalSection
	GlobalSection(ProjectConfigurationPlatforms) = postSolution
		{3D5FD180-2D6C-46F0-9130-F3164D5CB654}.Debug|Any CPU.ActiveCfg = Debug|Any CPU
		{3D5FD180-2D6C-46F0-9130-F3164D5CB654}.Debug|Any CPU.Build.0 = Debug|Any CPU
		{3D5FD180-2D6C-46F0-9130-F3164D5CB654}.Debug|Any CPU.Deploy.0 = Debug|Any CPU
		{3D5FD180-2D6C-46F0-9130-F3164D5CB654}.Debug|iPhone.ActiveCfg = Debug|Any CPU
		{3D5FD180-2D6C-46F0-9130-F3164D5CB654}.Debug|iPhone.Build.0 = Debug|Any CPU
		{3D5FD180-2D6C-46F0-9130-F3164D5CB654}.Debug|iPhone.Deploy.0 = Debug|Any CPU
		{3D5FD180-2D6C-46F0-9130-F3164D5CB654}.Debug|iPhoneSimulator.ActiveCfg = Debug|Any CPU
		{3D5FD180-2D6C-46F0-9130-F3164D5CB654}.Debug|iPhoneSimulator.Build.0 = Debug|Any CPU
		{3D5FD180-2D6C-46F0-9130-F3164D5CB654}.Debug|iPhoneSimulator.Deploy.0 = Debug|Any CPU
		{3D5FD180-2D6C-46F0-9130-F3164D5CB654}.Release|Any CPU.ActiveCfg = Release|Any CPU
		{3D5FD180-2D6C-46F0-9130-F3164D5CB654}.Release|Any CPU.Build.0 = Release|Any CPU
		{3D5FD180-2D6C-46F0-9130-F3164D5CB654}.Release|Any CPU.Deploy.0 = Release|Any CPU
		{3D5FD180-2D6C-46F0-9130-F3164D5CB654}.Release|iPhone.ActiveCfg = Release|Any CPU
		{3D5FD180-2D6C-46F0-9130-F3164D5CB654}.Release|iPhone.Build.0 = Release|Any CPU
		{3D5FD180-2D6C-46F0-9130-F3164D5CB654}.Release|iPhone.Deploy.0 = Release|Any CPU
		{3D5FD180-2D6C-46F0-9130-F3164D5CB654}.Release|iPhoneSimulator.ActiveCfg = Release|Any CPU
		{3D5FD180-2D6C-46F0-9130-F3164D5CB654}.Release|iPhoneSimulator.Build.0 = Release|Any CPU
		{3D5FD180-2D6C-46F0-9130-F3164D5CB654}.Release|iPhoneSimulator.Deploy.0 = Release|Any CPU
		{6113494D-8985-4387-82FB-B21F2A9E66C1}.Debug|Any CPU.ActiveCfg = Debug|iPhone
		{6113494D-8985-4387-82FB-B21F2A9E66C1}.Debug|Any CPU.Build.0 = Debug|iPhone
		{6113494D-8985-4387-82FB-B21F2A9E66C1}.Debug|Any CPU.Deploy.0 = Debug|iPhone
		{6113494D-8985-4387-82FB-B21F2A9E66C1}.Debug|iPhone.ActiveCfg = Debug|iPhone
		{6113494D-8985-4387-82FB-B21F2A9E66C1}.Debug|iPhone.Build.0 = Debug|iPhone
		{6113494D-8985-4387-82FB-B21F2A9E66C1}.Debug|iPhone.Deploy.0 = Debug|iPhone
		{6113494D-8985-4387-82FB-B21F2A9E66C1}.Debug|iPhoneSimulator.ActiveCfg = Debug|iPhoneSimulator
		{6113494D-8985-4387-82FB-B21F2A9E66C1}.Debug|iPhoneSimulator.Build.0 = Debug|iPhoneSimulator
		{6113494D-8985-4387-82FB-B21F2A9E66C1}.Debug|iPhoneSimulator.Deploy.0 = Debug|iPhoneSimulator
		{6113494D-8985-4387-82FB-B21F2A9E66C1}.Release|Any CPU.ActiveCfg = Release|iPhoneSimulator
		{6113494D-8985-4387-82FB-B21F2A9E66C1}.Release|Any CPU.Build.0 = Release|iPhoneSimulator
		{6113494D-8985-4387-82FB-B21F2A9E66C1}.Release|Any CPU.Deploy.0 = Release|iPhoneSimulator
		{6113494D-8985-4387-82FB-B21F2A9E66C1}.Release|iPhone.ActiveCfg = Release|iPhone
		{6113494D-8985-4387-82FB-B21F2A9E66C1}.Release|iPhone.Build.0 = Release|iPhone
		{6113494D-8985-4387-82FB-B21F2A9E66C1}.Release|iPhone.Deploy.0 = Release|iPhone
		{6113494D-8985-4387-82FB-B21F2A9E66C1}.Release|iPhoneSimulator.ActiveCfg = Release|iPhoneSimulator
		{6113494D-8985-4387-82FB-B21F2A9E66C1}.Release|iPhoneSimulator.Build.0 = Release|iPhoneSimulator
		{6113494D-8985-4387-82FB-B21F2A9E66C1}.Release|iPhoneSimulator.Deploy.0 = Release|iPhoneSimulator
		{C0E9C8C6-BD58-45B7-9F56-42DCD63D65C8}.Debug|Any CPU.ActiveCfg = Debug|Any CPU
		{C0E9C8C6-BD58-45B7-9F56-42DCD63D65C8}.Debug|Any CPU.Build.0 = Debug|Any CPU
		{C0E9C8C6-BD58-45B7-9F56-42DCD63D65C8}.Debug|Any CPU.Deploy.0 = Debug|Any CPU
		{C0E9C8C6-BD58-45B7-9F56-42DCD63D65C8}.Debug|iPhone.ActiveCfg = Debug|Any CPU
		{C0E9C8C6-BD58-45B7-9F56-42DCD63D65C8}.Debug|iPhone.Build.0 = Debug|Any CPU
		{C0E9C8C6-BD58-45B7-9F56-42DCD63D65C8}.Debug|iPhone.Deploy.0 = Debug|Any CPU
		{C0E9C8C6-BD58-45B7-9F56-42DCD63D65C8}.Debug|iPhoneSimulator.ActiveCfg = Debug|Any CPU
		{C0E9C8C6-BD58-45B7-9F56-42DCD63D65C8}.Debug|iPhoneSimulator.Build.0 = Debug|Any CPU
		{C0E9C8C6-BD58-45B7-9F56-42DCD63D65C8}.Debug|iPhoneSimulator.Deploy.0 = Debug|Any CPU
		{C0E9C8C6-BD58-45B7-9F56-42DCD63D65C8}.Release|Any CPU.ActiveCfg = Release|Any CPU
		{C0E9C8C6-BD58-45B7-9F56-42DCD63D65C8}.Release|Any CPU.Build.0 = Release|Any CPU
		{C0E9C8C6-BD58-45B7-9F56-42DCD63D65C8}.Release|Any CPU.Deploy.0 = Release|Any CPU
		{C0E9C8C6-BD58-45B7-9F56-42DCD63D65C8}.Release|iPhone.ActiveCfg = Release|Any CPU
		{C0E9C8C6-BD58-45B7-9F56-42DCD63D65C8}.Release|iPhone.Build.0 = Release|Any CPU
		{C0E9C8C6-BD58-45B7-9F56-42DCD63D65C8}.Release|iPhone.Deploy.0 = Release|Any CPU
		{C0E9C8C6-BD58-45B7-9F56-42DCD63D65C8}.Release|iPhoneSimulator.ActiveCfg = Release|Any CPU
		{C0E9C8C6-BD58-45B7-9F56-42DCD63D65C8}.Release|iPhoneSimulator.Build.0 = Release|Any CPU
		{C0E9C8C6-BD58-45B7-9F56-42DCD63D65C8}.Release|iPhoneSimulator.Deploy.0 = Release|Any CPU
	EndGlobalSection
	GlobalSection(SolutionProperties) = preSolution
		HideSolutionNode = FALSE
	EndGlobalSection
	GlobalSection(ExtensibilityGlobals) = postSolution
		SolutionGuid = {DABC79C5-F98D-4327-8D67-26EB8C67F73E}
	EndGlobalSection
EndGlobal
